// !$*UTF8*$!
{
	archiveVersion = 1;
	classes = {
	};
	objectVersion = 77;
	objects = {

/* Begin PBXBuildFile section */
		08E0AC1EBE01594DAF68F9C2 /* PrivacyInfo.xcprivacy in Resources */ = {isa = PBXBuildFile; fileRef = B195E696AFAC5695445DBA77 /* PrivacyInfo.xcprivacy */; };
		2590DF0E852E291BC3A8EC17 /* ShareViewController.swift in Sources */ = {isa = PBXBuildFile; fileRef = F2571CE0E09B105898906789 /* ShareViewController.swift */; };
		2F9A61B7EE780E85B5E4C64A /* CaptureExporter.swift in Sources */ = {isa = PBXBuildFile; fileRef = AF7163BC8C7AB7FE94A2C60F /* CaptureExporter.swift */; };
		35733E1E4B4F409CB084B044 /* ScreenshotsShare.appex in Embed Foundation Extensions */ = {isa = PBXBuildFile; fileRef = 7AE7A9C7D6A4C384593C7F57 /* ScreenshotsShare.appex */; settings = {ATTRIBUTES = (RemoveHeadersOnCopy, ); }; };
		419437BB2409D3644732C6E2 /* SUITTypography.swift in Sources */ = {isa = PBXBuildFile; fileRef = 133679E7CE9D24D3CF557B2E /* SUITTypography.swift */; };
		4C54F27A79BC3D26C7E961DA /* SUITTypography.swift in Sources */ = {isa = PBXBuildFile; fileRef = 133679E7CE9D24D3CF557B2E /* SUITTypography.swift */; };
		527153A54A09BE9615C9CDE2 /* PrivacyInfo.xcprivacy in Resources */ = {isa = PBXBuildFile; fileRef = 0F29378060C4B485B674487B /* PrivacyInfo.xcprivacy */; };
		632A888AFB54527EC2A43DB3 /* ScreenshotsApp.swift in Sources */ = {isa = PBXBuildFile; fileRef = DCC6D940EC86FC10789AF146 /* ScreenshotsApp.swift */; };
		653DDCA3A6446EE82BF69D74 /* SaveScreenshotIntent.swift in Sources */ = {isa = PBXBuildFile; fileRef = 79444418F96001490F0CAFC1 /* SaveScreenshotIntent.swift */; };
		6DB3BA0CA1365792D47E2B58 /* LibraryView.swift in Sources */ = {isa = PBXBuildFile; fileRef = 5FEDECDCDA8341C5381E1985 /* LibraryView.swift */; };
		7080A210D9C0E8EC19CB89B6 /* automation-demo.mp4 in Resources */ = {isa = PBXBuildFile; fileRef = 760C9072B14CE68EAD602F4D /* automation-demo.mp4 */; };
		888D5D0FA1B3EA7465F90437 /* CaptureStoreTests.swift in Sources */ = {isa = PBXBuildFile; fileRef = 81AC5167B6DF8F59F239BF6D /* CaptureStoreTests.swift */; };
		917A39282481DF9001F79543 /* SUIT-LICENSE.txt in Resources */ = {isa = PBXBuildFile; fileRef = 71840789BE9E503199544994 /* SUIT-LICENSE.txt */; };
		9C0B91EE5A7E22534AF1EFA5 /* CaptureExporter.swift in Sources */ = {isa = PBXBuildFile; fileRef = AF7163BC8C7AB7FE94A2C60F /* CaptureExporter.swift */; };
		B15F2F8E554097440B8F230A /* SUIT-LICENSE.txt in Resources */ = {isa = PBXBuildFile; fileRef = 71840789BE9E503199544994 /* SUIT-LICENSE.txt */; };
		B524D776112E1ED8D17CCAF2 /* Theme.xcassets in Resources */ = {isa = PBXBuildFile; fileRef = A5C1AE2837C8C237B6FB1D45 /* Theme.xcassets */; };
		BBD59C62BE64840D69753793 /* CaptureStore.swift in Sources */ = {isa = PBXBuildFile; fileRef = E4FC7328D2542AC774DA765F /* CaptureStore.swift */; };
		D06E5D0ED1B0929568CECDED /* Theme.xcassets in Resources */ = {isa = PBXBuildFile; fileRef = A5C1AE2837C8C237B6FB1D45 /* Theme.xcassets */; };
		D12A77A19E5A76600636B879 /* Assets.xcassets in Resources */ = {isa = PBXBuildFile; fileRef = BAE8A7CFB3FF0D582A5C27DE /* Assets.xcassets */; };
		EC9F573BDC61E315004E244F /* SUIT-Variable.ttf in Resources */ = {isa = PBXBuildFile; fileRef = 2FDE75464C2E033C1D59BF61 /* SUIT-Variable.ttf */; };
		F99B1A98A738C32019A42209 /* CaptureStore.swift in Sources */ = {isa = PBXBuildFile; fileRef = E4FC7328D2542AC774DA765F /* CaptureStore.swift */; };
		FC5148C3C7C7DD9F50488F57 /* SUIT-Variable.ttf in Resources */ = {isa = PBXBuildFile; fileRef = 2FDE75464C2E033C1D59BF61 /* SUIT-Variable.ttf */; };
/* End PBXBuildFile section */

/* Begin PBXContainerItemProxy section */
		69153EA476A1F33ED693A046 /* PBXContainerItemProxy */ = {
			isa = PBXContainerItemProxy;
			containerPortal = 5E72A91D147DFA122167D60C /* Project object */;
			proxyType = 1;
			remoteGlobalIDString = 301BB87E5F44555E9C1E23A7;
			remoteInfo = ScreenshotsShare;
		};
		B6A5B35CEB23637EC61B7134 /* PBXContainerItemProxy */ = {
			isa = PBXContainerItemProxy;
			containerPortal = 5E72A91D147DFA122167D60C /* Project object */;
			proxyType = 1;
			remoteGlobalIDString = 748A93A670211B5B07544B83;
			remoteInfo = Screenshots;
		};
/* End PBXContainerItemProxy section */

/* Begin PBXCopyFilesBuildPhase section */
		5A70F909F195430B6CACE3C0 /* Embed Foundation Extensions */ = {
			isa = PBXCopyFilesBuildPhase;
			buildActionMask = 2147483647;
			dstPath = "";
			dstSubfolderSpec = 13;
			files = (
				35733E1E4B4F409CB084B044 /* ScreenshotsShare.appex in Embed Foundation Extensions */,
			);
			name = "Embed Foundation Extensions";
			runOnlyForDeploymentPostprocessing = 0;
		};
/* End PBXCopyFilesBuildPhase section */

/* Begin PBXFileReference section */
		0F29378060C4B485B674487B /* PrivacyInfo.xcprivacy */ = {isa = PBXFileReference; path = PrivacyInfo.xcprivacy; sourceTree = "<group>"; };
		133679E7CE9D24D3CF557B2E /* SUITTypography.swift */ = {isa = PBXFileReference; lastKnownFileType = sourcecode.swift; path = SUITTypography.swift; sourceTree = "<group>"; };
		2FDE75464C2E033C1D59BF61 /* SUIT-Variable.ttf */ = {isa = PBXFileReference; lastKnownFileType = file; path = "SUIT-Variable.ttf"; sourceTree = "<group>"; };
		392C055A14CF0BD9B6D59697 /* Screenshots.entitlements */ = {isa = PBXFileReference; lastKnownFileType = text.plist.entitlements; path = Screenshots.entitlements; sourceTree = "<group>"; };
		527A31B28F8B1197EF72AF97 /* Share.entitlements */ = {isa = PBXFileReference; lastKnownFileType = text.plist.entitlements; path = Share.entitlements; sourceTree = "<group>"; };
		5FEDECDCDA8341C5381E1985 /* LibraryView.swift */ = {isa = PBXFileReference; lastKnownFileType = sourcecode.swift; path = LibraryView.swift; sourceTree = "<group>"; };
		71840789BE9E503199544994 /* SUIT-LICENSE.txt */ = {isa = PBXFileReference; lastKnownFileType = text; path = "SUIT-LICENSE.txt"; sourceTree = "<group>"; };
		760C9072B14CE68EAD602F4D /* automation-demo.mp4 */ = {isa = PBXFileReference; path = "automation-demo.mp4"; sourceTree = "<group>"; };
		791807558E614EF8F1DE86C8 /* Info.plist */ = {isa = PBXFileReference; lastKnownFileType = text.plist; path = Info.plist; sourceTree = "<group>"; };
		79444418F96001490F0CAFC1 /* SaveScreenshotIntent.swift */ = {isa = PBXFileReference; lastKnownFileType = sourcecode.swift; path = SaveScreenshotIntent.swift; sourceTree = "<group>"; };
		7AE7A9C7D6A4C384593C7F57 /* ScreenshotsShare.appex */ = {isa = PBXFileReference; includeInIndex = 0; lastKnownFileType = "wrapper.app-extension"; path = ScreenshotsShare.appex; sourceTree = BUILT_PRODUCTS_DIR; };
		81AC5167B6DF8F59F239BF6D /* CaptureStoreTests.swift */ = {isa = PBXFileReference; lastKnownFileType = sourcecode.swift; path = CaptureStoreTests.swift; sourceTree = "<group>"; };
		A5C1AE2837C8C237B6FB1D45 /* Theme.xcassets */ = {isa = PBXFileReference; lastKnownFileType = folder.assetcatalog; path = Theme.xcassets; sourceTree = "<group>"; };
		AF7163BC8C7AB7FE94A2C60F /* CaptureExporter.swift */ = {isa = PBXFileReference; lastKnownFileType = sourcecode.swift; path = CaptureExporter.swift; sourceTree = "<group>"; };
		B195E696AFAC5695445DBA77 /* PrivacyInfo.xcprivacy */ = {isa = PBXFileReference; path = PrivacyInfo.xcprivacy; sourceTree = "<group>"; };
		BAE8A7CFB3FF0D582A5C27DE /* Assets.xcassets */ = {isa = PBXFileReference; lastKnownFileType = folder.assetcatalog; path = Assets.xcassets; sourceTree = "<group>"; };
		DCC6D940EC86FC10789AF146 /* ScreenshotsApp.swift */ = {isa = PBXFileReference; lastKnownFileType = sourcecode.swift; path = ScreenshotsApp.swift; sourceTree = "<group>"; };
		DDD6A8769A299BD0236CECB3 /* Info.plist */ = {isa = PBXFileReference; lastKnownFileType = text.plist; path = Info.plist; sourceTree = "<group>"; };
		DE18DDB11AEB3F0AB9065CBB /* ScreenshotsTests.xctest */ = {isa = PBXFileReference; includeInIndex = 0; lastKnownFileType = wrapper.cfbundle; path = ScreenshotsTests.xctest; sourceTree = BUILT_PRODUCTS_DIR; };
		DE8B0AA25A9834FE0C1773CD /* Screenshots.app */ = {isa = PBXFileReference; includeInIndex = 0; lastKnownFileType = wrapper.application; path = Screenshots.app; sourceTree = BUILT_PRODUCTS_DIR; };
		E4FC7328D2542AC774DA765F /* CaptureStore.swift */ = {isa = PBXFileReference; lastKnownFileType = sourcecode.swift; path = CaptureStore.swift; sourceTree = "<group>"; };
		F2571CE0E09B105898906789 /* ShareViewController.swift */ = {isa = PBXFileReference; lastKnownFileType = sourcecode.swift; path = ShareViewController.swift; sourceTree = "<group>"; };
/* End PBXFileReference section */

/* Begin PBXGroup section */
		5CBD1E6AF576B4C61423A9B8 /* Fonts */ = {
			isa = PBXGroup;
			children = (
				71840789BE9E503199544994 /* SUIT-LICENSE.txt */,
				2FDE75464C2E033C1D59BF61 /* SUIT-Variable.ttf */,
			);
			path = Fonts;
			sourceTree = "<group>";
		};
		72E61942158261C5477CCF11 /* Products */ = {
			isa = PBXGroup;
			children = (
				DE8B0AA25A9834FE0C1773CD /* Screenshots.app */,
				7AE7A9C7D6A4C384593C7F57 /* ScreenshotsShare.appex */,
				DE18DDB11AEB3F0AB9065CBB /* ScreenshotsTests.xctest */,
			);
			name = Products;
			sourceTree = "<group>";
		};
		88A7BFD5F0C63975D8A21BCC /* Tests */ = {
			isa = PBXGroup;
			children = (
				81AC5167B6DF8F59F239BF6D /* CaptureStoreTests.swift */,
			);
			path = Tests;
			sourceTree = "<group>";
		};
		A8E65DEBC7238ECDF325527B /* Screenshots */ = {
			isa = PBXGroup;
			children = (
				BAE8A7CFB3FF0D582A5C27DE /* Assets.xcassets */,
				791807558E614EF8F1DE86C8 /* Info.plist */,
				5FEDECDCDA8341C5381E1985 /* LibraryView.swift */,
				B195E696AFAC5695445DBA77 /* PrivacyInfo.xcprivacy */,
				79444418F96001490F0CAFC1 /* SaveScreenshotIntent.swift */,
				392C055A14CF0BD9B6D59697 /* Screenshots.entitlements */,
				DCC6D940EC86FC10789AF146 /* ScreenshotsApp.swift */,
				CE0ECF6CEB0D77098B6C60DE /* Resources */,
			);
			path = Screenshots;
			sourceTree = "<group>";
		};
		CE0ECF6CEB0D77098B6C60DE /* Resources */ = {
			isa = PBXGroup;
			children = (
				760C9072B14CE68EAD602F4D /* automation-demo.mp4 */,
			);
			path = Resources;
			sourceTree = "<group>";
		};
		DAA253CA4D69EAA0E22987F5 = {
			isa = PBXGroup;
			children = (
				A8E65DEBC7238ECDF325527B /* Screenshots */,
				F3CE755F1C252D283A7D7E17 /* Shared */,
				F1BFA2FB64D9D241E8E340E7 /* ShareExtension */,
				88A7BFD5F0C63975D8A21BCC /* Tests */,
				72E61942158261C5477CCF11 /* Products */,
			);
			sourceTree = "<group>";
		};
		F1BFA2FB64D9D241E8E340E7 /* ShareExtension */ = {
			isa = PBXGroup;
			children = (
				DDD6A8769A299BD0236CECB3 /* Info.plist */,
				0F29378060C4B485B674487B /* PrivacyInfo.xcprivacy */,
				527A31B28F8B1197EF72AF97 /* Share.entitlements */,
				F2571CE0E09B105898906789 /* ShareViewController.swift */,
			);
			path = ShareExtension;
			sourceTree = "<group>";
		};
		F3CE755F1C252D283A7D7E17 /* Shared */ = {
			isa = PBXGroup;
			children = (
				AF7163BC8C7AB7FE94A2C60F /* CaptureExporter.swift */,
				E4FC7328D2542AC774DA765F /* CaptureStore.swift */,
				133679E7CE9D24D3CF557B2E /* SUITTypography.swift */,
				A5C1AE2837C8C237B6FB1D45 /* Theme.xcassets */,
				5CBD1E6AF576B4C61423A9B8 /* Fonts */,
			);
			path = Shared;
			sourceTree = "<group>";
		};
/* End PBXGroup section */

/* Begin PBXNativeTarget section */
		01F8EE9F99909DC0470DBBED /* ScreenshotsTests */ = {
			isa = PBXNativeTarget;
			buildConfigurationList = BE272E561DC2E0323FB086B4 /* Build configuration list for PBXNativeTarget "ScreenshotsTests" */;
			buildPhases = (
				08230CA4F111F0B449D92B1F /* Sources */,
			);
			buildRules = (
			);
			dependencies = (
				C02BC1C12A65B6EA5C621C21 /* PBXTargetDependency */,
			);
			name = ScreenshotsTests;
			packageProductDependencies = (
			);
			productName = ScreenshotsTests;
			productReference = DE18DDB11AEB3F0AB9065CBB /* ScreenshotsTests.xctest */;
			productType = "com.apple.product-type.bundle.unit-test";
		};
		301BB87E5F44555E9C1E23A7 /* ScreenshotsShare */ = {
			isa = PBXNativeTarget;
			buildConfigurationList = 5BC350D612D061FA76063DF7 /* Build configuration list for PBXNativeTarget "ScreenshotsShare" */;
			buildPhases = (
				037DCE0530B9B43E505F623F /* Sources */,
				F3E4BB07E3E4C2F5B9B63FC8 /* Resources */,
			);
			buildRules = (
			);
			dependencies = (
			);
			name = ScreenshotsShare;
			packageProductDependencies = (
			);
			productName = ScreenshotsShare;
			productReference = 7AE7A9C7D6A4C384593C7F57 /* ScreenshotsShare.appex */;
			productType = "com.apple.product-type.app-extension";
		};
		748A93A670211B5B07544B83 /* Screenshots */ = {
			isa = PBXNativeTarget;
			buildConfigurationList = B10586B20A534EB5A1B88680 /* Build configuration list for PBXNativeTarget "Screenshots" */;
			buildPhases = (
				1BA14C9A2C313A312536D51E /* Sources */,
				8171DD3B5881FE961744C8B1 /* Resources */,
				5A70F909F195430B6CACE3C0 /* Embed Foundation Extensions */,
			);
			buildRules = (
			);
			dependencies = (
				DA01F3775994A8A8DEC8F4A4 /* PBXTargetDependency */,
			);
			name = Screenshots;
			packageProductDependencies = (
			);
			productName = Screenshots;
			productReference = DE8B0AA25A9834FE0C1773CD /* Screenshots.app */;
			productType = "com.apple.product-type.application";
		};
/* End PBXNativeTarget section */

/* Begin PBXProject section */
		5E72A91D147DFA122167D60C /* Project object */ = {
			isa = PBXProject;
			attributes = {
				BuildIndependentTargetsInParallel = YES;
				LastUpgradeCheck = 1430;
				TargetAttributes = {
					01F8EE9F99909DC0470DBBED = {
						ProvisioningStyle = Automatic;
					};
					301BB87E5F44555E9C1E23A7 = {
						ProvisioningStyle = Automatic;
					};
					748A93A670211B5B07544B83 = {
						ProvisioningStyle = Automatic;
					};
				};
			};
			buildConfigurationList = 4121131878EEDA3499FC3AED /* Build configuration list for PBXProject "Screenshots" */;
			developmentRegion = en;
			hasScannedForEncodings = 0;
			knownRegions = (
				Base,
				en,
			);
			mainGroup = DAA253CA4D69EAA0E22987F5;
			minimizedProjectReferenceProxies = 1;
			preferredProjectObjectVersion = 77;
			productRefGroup = 72E61942158261C5477CCF11 /* Products */;
			projectDirPath = "";
			projectRoot = "";
			targets = (
				748A93A670211B5B07544B83 /* Screenshots */,
				301BB87E5F44555E9C1E23A7 /* ScreenshotsShare */,
				01F8EE9F99909DC0470DBBED /* ScreenshotsTests */,
			);
		};
/* End PBXProject section */

/* Begin PBXResourcesBuildPhase section */
		8171DD3B5881FE961744C8B1 /* Resources */ = {
			isa = PBXResourcesBuildPhase;
			buildActionMask = 2147483647;
			files = (
				D12A77A19E5A76600636B879 /* Assets.xcassets in Resources */,
				08E0AC1EBE01594DAF68F9C2 /* PrivacyInfo.xcprivacy in Resources */,
				B15F2F8E554097440B8F230A /* SUIT-LICENSE.txt in Resources */,
				FC5148C3C7C7DD9F50488F57 /* SUIT-Variable.ttf in Resources */,
				D06E5D0ED1B0929568CECDED /* Theme.xcassets in Resources */,
				7080A210D9C0E8EC19CB89B6 /* automation-demo.mp4 in Resources */,
			);
			runOnlyForDeploymentPostprocessing = 0;
		};
		F3E4BB07E3E4C2F5B9B63FC8 /* Resources */ = {
			isa = PBXResourcesBuildPhase;
			buildActionMask = 2147483647;
			files = (
				527153A54A09BE9615C9CDE2 /* PrivacyInfo.xcprivacy in Resources */,
				917A39282481DF9001F79543 /* SUIT-LICENSE.txt in Resources */,
				EC9F573BDC61E315004E244F /* SUIT-Variable.ttf in Resources */,
				B524D776112E1ED8D17CCAF2 /* Theme.xcassets in Resources */,
			);
			runOnlyForDeploymentPostprocessing = 0;
		};
/* End PBXResourcesBuildPhase section */

/* Begin PBXSourcesBuildPhase section */
		037DCE0530B9B43E505F623F /* Sources */ = {
			isa = PBXSourcesBuildPhase;
			buildActionMask = 2147483647;
			files = (
				2F9A61B7EE780E85B5E4C64A /* CaptureExporter.swift in Sources */,
				BBD59C62BE64840D69753793 /* CaptureStore.swift in Sources */,
				419437BB2409D3644732C6E2 /* SUITTypography.swift in Sources */,
				2590DF0E852E291BC3A8EC17 /* ShareViewController.swift in Sources */,
			);
			runOnlyForDeploymentPostprocessing = 0;
		};
		08230CA4F111F0B449D92B1F /* Sources */ = {
			isa = PBXSourcesBuildPhase;
			buildActionMask = 2147483647;
			files = (
				888D5D0FA1B3EA7465F90437 /* CaptureStoreTests.swift in Sources */,
			);
			runOnlyForDeploymentPostprocessing = 0;
		};
		1BA14C9A2C313A312536D51E /* Sources */ = {
			isa = PBXSourcesBuildPhase;
			buildActionMask = 2147483647;
			files = (
				9C0B91EE5A7E22534AF1EFA5 /* CaptureExporter.swift in Sources */,
				F99B1A98A738C32019A42209 /* CaptureStore.swift in Sources */,
				6DB3BA0CA1365792D47E2B58 /* LibraryView.swift in Sources */,
				4C54F27A79BC3D26C7E961DA /* SUITTypography.swift in Sources */,
				653DDCA3A6446EE82BF69D74 /* SaveScreenshotIntent.swift in Sources */,
				632A888AFB54527EC2A43DB3 /* ScreenshotsApp.swift in Sources */,
			);
			runOnlyForDeploymentPostprocessing = 0;
		};
/* End PBXSourcesBuildPhase section */

/* Begin PBXTargetDependency section */
		C02BC1C12A65B6EA5C621C21 /* PBXTargetDependency */ = {
			isa = PBXTargetDependency;
			target = 748A93A670211B5B07544B83 /* Screenshots */;
			targetProxy = B6A5B35CEB23637EC61B7134 /* PBXContainerItemProxy */;
		};
		DA01F3775994A8A8DEC8F4A4 /* PBXTargetDependency */ = {
			isa = PBXTargetDependency;
			target = 301BB87E5F44555E9C1E23A7 /* ScreenshotsShare */;
			targetProxy = 69153EA476A1F33ED693A046 /* PBXContainerItemProxy */;
		};
/* End PBXTargetDependency section */

/* Begin XCBuildConfiguration section */
		02393B0AC53280D6DC801928 /* Release */ = {
			isa = XCBuildConfiguration;
			buildSettings = {
				BUNDLE_LOADER = "$(TEST_HOST)";
				GENERATE_INFOPLIST_FILE = YES;
				LD_RUNPATH_SEARCH_PATHS = (
					"$(inherited)",
					"@executable_path/Frameworks",
					"@loader_path/Frameworks",
				);
				PRODUCT_BUNDLE_IDENTIFIER = com.kimminsu.ScreenshotsTests;
				SDKROOT = iphoneos;
				TARGETED_DEVICE_FAMILY = "1,2";
				TEST_HOST = "$(BUILT_PRODUCTS_DIR)/Screenshots.app/Screenshots";
			};
			name = Release;
		};
		1D8BC4B4592DF9A75B44F5F6 /* Release */ = {
			isa = XCBuildConfiguration;
			buildSettings = {
				ASSETCATALOG_COMPILER_APPICON_NAME = AppIcon;
				CODE_SIGN_ENTITLEMENTS = Screenshots/Screenshots.entitlements;
				CODE_SIGN_IDENTITY = "iPhone Developer";
				INFOPLIST_FILE = Screenshots/Info.plist;
				INFOPLIST_KEY_LSApplicationCategoryType = "public.app-category.productivity";
				INFOPLIST_KEY_UIApplicationSceneManifest_Generation = YES;
				INFOPLIST_KEY_UILaunchScreen_Generation = YES;
				LD_RUNPATH_SEARCH_PATHS = (
					"$(inherited)",
					"@executable_path/Frameworks",
				);
				PRODUCT_BUNDLE_IDENTIFIER = com.kimminsu.screenshotsmemo;
				SDKROOT = iphoneos;
				TARGETED_DEVICE_FAMILY = 1;
			};
			name = Release;
		};
		25E8409A1F187FD86898EA93 /* Debug */ = {
			isa = XCBuildConfiguration;
			buildSettings = {
				ALWAYS_SEARCH_USER_PATHS = NO;
				CLANG_ANALYZER_NONNULL = YES;
				CLANG_ANALYZER_NUMBER_OBJECT_CONVERSION = YES_AGGRESSIVE;
				CLANG_CXX_LANGUAGE_STANDARD = "gnu++14";
				CLANG_CXX_LIBRARY = "libc++";
				CLANG_ENABLE_MODULES = YES;
				CLANG_ENABLE_OBJC_ARC = YES;
				CLANG_ENABLE_OBJC_WEAK = YES;
				CLANG_WARN_BLOCK_CAPTURE_AUTORELEASING = YES;
				CLANG_WARN_BOOL_CONVERSION = YES;
				CLANG_WARN_COMMA = YES;
				CLANG_WARN_CONSTANT_CONVERSION = YES;
				CLANG_WARN_DEPRECATED_OBJC_IMPLEMENTATIONS = YES;
				CLANG_WARN_DIRECT_OBJC_ISA_USAGE = YES_ERROR;
				CLANG_WARN_DOCUMENTATION_COMMENTS = YES;
				CLANG_WARN_EMPTY_BODY = YES;
				CLANG_WARN_ENUM_CONVERSION = YES;
				CLANG_WARN_INFINITE_RECURSION = YES;
				CLANG_WARN_INT_CONVERSION = YES;
				CLANG_WARN_NON_LITERAL_NULL_CONVERSION = YES;
				CLANG_WARN_OBJC_IMPLICIT_RETAIN_SELF = YES;
				CLANG_WARN_OBJC_LITERAL_CONVERSION = YES;
				CLANG_WARN_OBJC_ROOT_CLASS = YES_ERROR;
				CLANG_WARN_QUOTED_INCLUDE_IN_FRAMEWORK_HEADER = YES;
				CLANG_WARN_RANGE_LOOP_ANALYSIS = YES;
				CLANG_WARN_STRICT_PROTOTYPES = YES;
				CLANG_WARN_SUSPICIOUS_MOVE = YES;
				CLANG_WARN_UNGUARDED_AVAILABILITY = YES_AGGRESSIVE;
				CLANG_WARN_UNREACHABLE_CODE = YES;
				CLANG_WARN__DUPLICATE_METHOD_MATCH = YES;
				CODE_SIGN_STYLE = Automatic;
				COPY_PHASE_STRIP = NO;
				CURRENT_PROJECT_VERSION = 1;
				DEBUG_INFORMATION_FORMAT = dwarf;
				ENABLE_STRICT_OBJC_MSGSEND = YES;
				ENABLE_TESTABILITY = YES;
				GCC_C_LANGUAGE_STANDARD = gnu11;
				GCC_DYNAMIC_NO_PIC = NO;
				GCC_NO_COMMON_BLOCKS = YES;
				GCC_OPTIMIZATION_LEVEL = 0;
				GCC_PREPROCESSOR_DEFINITIONS = (
					"$(inherited)",
					"DEBUG=1",
				);
				GCC_WARN_64_TO_32_BIT_CONVERSION = YES;
				GCC_WARN_ABOUT_RETURN_TYPE = YES_ERROR;
				GCC_WARN_UNDECLARED_SELECTOR = YES;
				GCC_WARN_UNINITIALIZED_AUTOS = YES_AGGRESSIVE;
				GCC_WARN_UNUSED_FUNCTION = YES;
				GCC_WARN_UNUSED_VARIABLE = YES;
				IPHONEOS_DEPLOYMENT_TARGET = 26.0;
				MARKETING_VERSION = 1.0.0;
				MTL_ENABLE_DEBUG_INFO = INCLUDE_SOURCE;
				MTL_FAST_MATH = YES;
				ONLY_ACTIVE_ARCH = YES;
				PRODUCT_NAME = "$(TARGET_NAME)";
				SDKROOT = iphoneos;
				SWIFT_ACTIVE_COMPILATION_CONDITIONS = DEBUG;
				SWIFT_OPTIMIZATION_LEVEL = "-Onone";
				SWIFT_VERSION = 5.0;
				TARGETED_DEVICE_FAMILY = 1;
			};
			name = Debug;
		};
		5479CE45F0A085CC3F141234 /* Release */ = {
			isa = XCBuildConfiguration;
			buildSettings = {
				ALWAYS_SEARCH_USER_PATHS = NO;
				CLANG_ANALYZER_NONNULL = YES;
				CLANG_ANALYZER_NUMBER_OBJECT_CONVERSION = YES_AGGRESSIVE;
				CLANG_CXX_LANGUAGE_STANDARD = "gnu++14";
				CLANG_CXX_LIBRARY = "libc++";
				CLANG_ENABLE_MODULES = YES;
				CLANG_ENABLE_OBJC_ARC = YES;
				CLANG_ENABLE_OBJC_WEAK = YES;
				CLANG_WARN_BLOCK_CAPTURE_AUTORELEASING = YES;
				CLANG_WARN_BOOL_CONVERSION = YES;
				CLANG_WARN_COMMA = YES;
				CLANG_WARN_CONSTANT_CONVERSION = YES;
				CLANG_WARN_DEPRECATED_OBJC_IMPLEMENTATIONS = YES;
				CLANG_WARN_DIRECT_OBJC_ISA_USAGE = YES_ERROR;
				CLANG_WARN_DOCUMENTATION_COMMENTS = YES;
				CLANG_WARN_EMPTY_BODY = YES;
				CLANG_WARN_ENUM_CONVERSION = YES;
				CLANG_WARN_INFINITE_RECURSION = YES;
				CLANG_WARN_INT_CONVERSION = YES;
				CLANG_WARN_NON_LITERAL_NULL_CONVERSION = YES;
				CLANG_WARN_OBJC_IMPLICIT_RETAIN_SELF = YES;
				CLANG_WARN_OBJC_LITERAL_CONVERSION = YES;
				CLANG_WARN_OBJC_ROOT_CLASS = YES_ERROR;
				CLANG_WARN_QUOTED_INCLUDE_IN_FRAMEWORK_HEADER = YES;
				CLANG_WARN_RANGE_LOOP_ANALYSIS = YES;
				CLANG_WARN_STRICT_PROTOTYPES = YES;
				CLANG_WARN_SUSPICIOUS_MOVE = YES;
				CLANG_WARN_UNGUARDED_AVAILABILITY = YES_AGGRESSIVE;
				CLANG_WARN_UNREACHABLE_CODE = YES;
				CLANG_WARN__DUPLICATE_METHOD_MATCH = YES;
				CODE_SIGN_STYLE = Automatic;
				COPY_PHASE_STRIP = NO;
				CURRENT_PROJECT_VERSION = 1;
				DEBUG_INFORMATION_FORMAT = "dwarf-with-dsym";
				ENABLE_NS_ASSERTIONS = NO;
				ENABLE_STRICT_OBJC_MSGSEND = YES;
				GCC_C_LANGUAGE_STANDARD = gnu11;
				GCC_NO_COMMON_BLOCKS = YES;
				GCC_WARN_64_TO_32_BIT_CONVERSION = YES;
				GCC_WARN_ABOUT_RETURN_TYPE = YES_ERROR;
				GCC_WARN_UNDECLARED_SELECTOR = YES;
				GCC_WARN_UNINITIALIZED_AUTOS = YES_AGGRESSIVE;
				GCC_WARN_UNUSED_FUNCTION = YES;
				GCC_WARN_UNUSED_VARIABLE = YES;
				IPHONEOS_DEPLOYMENT_TARGET = 26.0;
				MARKETING_VERSION = 1.0.0;
				MTL_ENABLE_DEBUG_INFO = NO;
				MTL_FAST_MATH = YES;
				PRODUCT_NAME = "$(TARGET_NAME)";
				SDKROOT = iphoneos;
				SWIFT_COMPILATION_MODE = wholemodule;
				SWIFT_OPTIMIZATION_LEVEL = "-O";
				SWIFT_VERSION = 5.0;
				TARGETED_DEVICE_FAMILY = 1;
			};
			name = Release;
		};
		61DBEBEE8C116145AE14986A /* Debug */ = {
			isa = XCBuildConfiguration;
			buildSettings = {
				ASSETCATALOG_COMPILER_APPICON_NAME = AppIcon;
				CODE_SIGN_ENTITLEMENTS = Screenshots/Screenshots.entitlements;
				CODE_SIGN_IDENTITY = "iPhone Developer";
				INFOPLIST_FILE = Screenshots/Info.plist;
				INFOPLIST_KEY_LSApplicationCategoryType = "public.app-category.productivity";
				INFOPLIST_KEY_UIApplicationSceneManifest_Generation = YES;
				INFOPLIST_KEY_UILaunchScreen_Generation = YES;
				LD_RUNPATH_SEARCH_PATHS = (
					"$(inherited)",
					"@executable_path/Frameworks",
				);
				PRODUCT_BUNDLE_IDENTIFIER = com.kimminsu.screenshotsmemo;
				SDKROOT = iphoneos;
				TARGETED_DEVICE_FAMILY = 1;
			};
			name = Debug;
		};
		7D28BF817060B4293A1F062B /* Debug */ = {
			isa = XCBuildConfiguration;
			buildSettings = {
				APPLICATION_EXTENSION_API_ONLY = YES;
				CODE_SIGN_ENTITLEMENTS = ShareExtension/Share.entitlements;
				INFOPLIST_FILE = ShareExtension/Info.plist;
				LD_RUNPATH_SEARCH_PATHS = (
					"$(inherited)",
					"@executable_path/Frameworks",
					"@executable_path/../../Frameworks",
				);
				PRODUCT_BUNDLE_IDENTIFIER = com.kimminsu.screenshotsmemo.share;
				SDKROOT = iphoneos;
				TARGETED_DEVICE_FAMILY = 1;
			};
			name = Debug;
		};
		B015336452C357A5B62D005C /* Debug */ = {
			isa = XCBuildConfiguration;
			buildSettings = {
				BUNDLE_LOADER = "$(TEST_HOST)";
				GENERATE_INFOPLIST_FILE = YES;
				LD_RUNPATH_SEARCH_PATHS = (
					"$(inherited)",
					"@executable_path/Frameworks",
					"@loader_path/Frameworks",
				);
				PRODUCT_BUNDLE_IDENTIFIER = com.kimminsu.ScreenshotsTests;
				SDKROOT = iphoneos;
				TARGETED_DEVICE_FAMILY = "1,2";
				TEST_HOST = "$(BUILT_PRODUCTS_DIR)/Screenshots.app/Screenshots";
			};
			name = Debug;
		};
		C3891904E23B26DDECE2BAC0 /* Release */ = {
			isa = XCBuildConfiguration;
			buildSettings = {
				APPLICATION_EXTENSION_API_ONLY = YES;
				CODE_SIGN_ENTITLEMENTS = ShareExtension/Share.entitlements;
				INFOPLIST_FILE = ShareExtension/Info.plist;
				LD_RUNPATH_SEARCH_PATHS = (
					"$(inherited)",
					"@executable_path/Frameworks",
					"@executable_path/../../Frameworks",
				);
				PRODUCT_BUNDLE_IDENTIFIER = com.kimminsu.screenshotsmemo.share;
				SDKROOT = iphoneos;
				TARGETED_DEVICE_FAMILY = 1;
			};
			name = Release;
		};
/* End XCBuildConfiguration section */

/* Begin XCConfigurationList section */
		4121131878EEDA3499FC3AED /* Build configuration list for PBXProject "Screenshots" */ = {
			isa = XCConfigurationList;
			buildConfigurations = (
				25E8409A1F187FD86898EA93 /* Debug */,
				5479CE45F0A085CC3F141234 /* Release */,
			);
			defaultConfigurationIsVisible = 0;
			defaultConfigurationName = Debug;
		};
		5BC350D612D061FA76063DF7 /* Build configuration list for PBXNativeTarget "ScreenshotsShare" */ = {
			isa = XCConfigurationList;
			buildConfigurations = (
				7D28BF817060B4293A1F062B /* Debug */,
				C3891904E23B26DDECE2BAC0 /* Release */,
			);
			defaultConfigurationIsVisible = 0;
			defaultConfigurationName = Debug;
		};
		B10586B20A534EB5A1B88680 /* Build configuration list for PBXNativeTarget "Screenshots" */ = {
			isa = XCConfigurationList;
			buildConfigurations = (
				61DBEBEE8C116145AE14986A /* Debug */,
				1D8BC4B4592DF9A75B44F5F6 /* Release */,
			);
			defaultConfigurationIsVisible = 0;
			defaultConfigurationName = Debug;
		};
		BE272E561DC2E0323FB086B4 /* Build configuration list for PBXNativeTarget "ScreenshotsTests" */ = {
			isa = XCConfigurationList;
			buildConfigurations = (
				B015336452C357A5B62D005C /* Debug */,
				02393B0AC53280D6DC801928 /* Release */,
			);
			defaultConfigurationIsVisible = 0;
			defaultConfigurationName = Debug;
		};
/* End XCConfigurationList section */
	};
	rootObject = 5E72A91D147DFA122167D60C /* Project object */;
}
